PODS:
  - Alamofire (4.9.1)
  - SDWebImage (5.3.0):
    - SDWebImage/Core (= 5.3.0)
  - SDWebImage/Core (5.3.0)

DEPENDENCIES:
  - Alamofire
  - SDWebImage

SPEC REPOS:
  https://github.com/CocoaPods/Specs.git:
    - Alamofire
    - SDWebImage

SPEC CHECKSUMS:
  Alamofire: 85e8a02c69d6020a0d734f6054870d7ecb75cf18
  SDWebImage: f1afa74b86587c2c63f4e80dfd39b21e3c17b45b

PODFILE CHECKSUM: a6d68af6048317cd2988f5d08e22d28f541d61b3

COCOAPODS: 1.5.3
