// !$*UTF8*$!
{
	archiveVersion = 1;
	classes = {
	};
	objectVersion = 50;
	objects = {

/* Begin PBXBuildFile section */
		20159788236D194D00001282 /* AppDelegate.swift in Sources */ = {isa = PBXBuildFile; fileRef = 20159787236D194D00001282 /* AppDelegate.swift */; };
		2015978A236D194D00001282 /* SceneDelegate.swift in Sources */ = {isa = PBXBuildFile; fileRef = 20159789236D194D00001282 /* SceneDelegate.swift */; };
		2015978C236D194D00001282 /* ViewController.swift in Sources */ = {isa = PBXBuildFile; fileRef = 2015978B236D194D00001282 /* ViewController.swift */; };
		2015978F236D194D00001282 /* Main.storyboard in Resources */ = {isa = PBXBuildFile; fileRef = 2015978D236D194D00001282 /* Main.storyboard */; };
		20159791236D195100001282 /* Assets.xcassets in Resources */ = {isa = PBXBuildFile; fileRef = 20159790236D195100001282 /* Assets.xcassets */; };
		20159794236D195100001282 /* LaunchScreen.storyboard in Resources */ = {isa = PBXBuildFile; fileRef = 20159792236D195100001282 /* LaunchScreen.storyboard */; };
		2015979F236D195100001282 /* X_Team_Test_MoviesTests.swift in Sources */ = {isa = PBXBuildFile; fileRef = 2015979E236D195100001282 /* X_Team_Test_MoviesTests.swift */; };
		201597AA236D195200001282 /* X_Team_Test_MoviesUITests.swift in Sources */ = {isa = PBXBuildFile; fileRef = 201597A9236D195200001282 /* X_Team_Test_MoviesUITests.swift */; };
		208E39BE236F727B0043FECF /* Reach.swift in Sources */ = {isa = PBXBuildFile; fileRef = 208E39BC236F727B0043FECF /* Reach.swift */; };
		208E39BF236F727B0043FECF /* APIManager.swift in Sources */ = {isa = PBXBuildFile; fileRef = 208E39BD236F727B0043FECF /* APIManager.swift */; };
		208E39C2236F738A0043FECF /* CategoriesListService.swift in Sources */ = {isa = PBXBuildFile; fileRef = 208E39C1236F738A0043FECF /* CategoriesListService.swift */; };
		208E39C4236F73F80043FECF /* MovieAppConstants.swift in Sources */ = {isa = PBXBuildFile; fileRef = 208E39C3236F73F80043FECF /* MovieAppConstants.swift */; };
		20C36627236D23BD001889C6 /* .gitignore in Resources */ = {isa = PBXBuildFile; fileRef = 20C36626236D23BD001889C6 /* .gitignore */; };
		6BD9D44CAD706F8ED433F6FC /* Pods_X_Team_Test_MoviesUITests.framework in Frameworks */ = {isa = PBXBuildFile; fileRef = 1B198CD75D172645F611A7EA /* Pods_X_Team_Test_MoviesUITests.framework */; };
		AB1A01C95EF728B6DB3B35A9 /* Pods_X_Team_Test_MoviesTests.framework in Frameworks */ = {isa = PBXBuildFile; fileRef = E6855A240067CB57FEFD75EB /* Pods_X_Team_Test_MoviesTests.framework */; };
		E308323A1F0DCC67CF629447 /* Pods_X_Team_Test_Movies.framework in Frameworks */ = {isa = PBXBuildFile; fileRef = 1F26071478C79B8A034C8C22 /* Pods_X_Team_Test_Movies.framework */; };
/* End PBXBuildFile section */

/* Begin PBXContainerItemProxy section */
		2015979B236D195100001282 /* PBXContainerItemProxy */ = {
			isa = PBXContainerItemProxy;
			containerPortal = 2015977C236D194D00001282 /* Project object */;
			proxyType = 1;
			remoteGlobalIDString = 20159783236D194D00001282;
			remoteInfo = "X-Team_Test_Movies";
		};
		201597A6236D195200001282 /* PBXContainerItemProxy */ = {
			isa = PBXContainerItemProxy;
			containerPortal = 2015977C236D194D00001282 /* Project object */;
			proxyType = 1;
			remoteGlobalIDString = 20159783236D194D00001282;
			remoteInfo = "X-Team_Test_Movies";
		};
/* End PBXContainerItemProxy section */

/* Begin PBXFileReference section */
		03DFD4988F903D2E11BBD3A7 /* Pods-X-Team_Test_Movies.release.xcconfig */ = {isa = PBXFileReference; includeInIndex = 1; lastKnownFileType = text.xcconfig; name = "Pods-X-Team_Test_Movies.release.xcconfig"; path = "Pods/Target Support Files/Pods-X-Team_Test_Movies/Pods-X-Team_Test_Movies.release.xcconfig"; sourceTree = "<group>"; };
		0BEB769AEDB83780674F3F03 /* Pods-X-Team_Test_MoviesUITests.debug.xcconfig */ = {isa = PBXFileReference; includeInIndex = 1; lastKnownFileType = text.xcconfig; name = "Pods-X-Team_Test_MoviesUITests.debug.xcconfig"; path = "Pods/Target Support Files/Pods-X-Team_Test_MoviesUITests/Pods-X-Team_Test_MoviesUITests.debug.xcconfig"; sourceTree = "<group>"; };
		1B198CD75D172645F611A7EA /* Pods_X_Team_Test_MoviesUITests.framework */ = {isa = PBXFileReference; explicitFileType = wrapper.framework; includeInIndex = 0; path = Pods_X_Team_Test_MoviesUITests.framework; sourceTree = BUILT_PRODUCTS_DIR; };
		1F26071478C79B8A034C8C22 /* Pods_X_Team_Test_Movies.framework */ = {isa = PBXFileReference; explicitFileType = wrapper.framework; includeInIndex = 0; path = Pods_X_Team_Test_Movies.framework; sourceTree = BUILT_PRODUCTS_DIR; };
		20159784236D194D00001282 /* X-Team_Test_Movies.app */ = {isa = PBXFileReference; explicitFileType = wrapper.application; includeInIndex = 0; path = "X-Team_Test_Movies.app"; sourceTree = BUILT_PRODUCTS_DIR; };
		20159787236D194D00001282 /* AppDelegate.swift */ = {isa = PBXFileReference; lastKnownFileType = sourcecode.swift; path = AppDelegate.swift; sourceTree = "<group>"; };
		20159789236D194D00001282 /* SceneDelegate.swift */ = {isa = PBXFileReference; lastKnownFileType = sourcecode.swift; path = SceneDelegate.swift; sourceTree = "<group>"; };
		2015978B236D194D00001282 /* ViewController.swift */ = {isa = PBXFileReference; lastKnownFileType = sourcecode.swift; path = ViewController.swift; sourceTree = "<group>"; };
		2015978E236D194D00001282 /* Base */ = {isa = PBXFileReference; lastKnownFileType = file.storyboard; name = Base; path = Base.lproj/Main.storyboard; sourceTree = "<group>"; };
		20159790236D195100001282 /* Assets.xcassets */ = {isa = PBXFileReference; lastKnownFileType = folder.assetcatalog; path = Assets.xcassets; sourceTree = "<group>"; };
		20159793236D195100001282 /* Base */ = {isa = PBXFileReference; lastKnownFileType = file.storyboard; name = Base; path = Base.lproj/LaunchScreen.storyboard; sourceTree = "<group>"; };
		20159795236D195100001282 /* Info.plist */ = {isa = PBXFileReference; lastKnownFileType = text.plist.xml; path = Info.plist; sourceTree = "<group>"; };
		2015979A236D195100001282 /* X-Team_Test_MoviesTests.xctest */ = {isa = PBXFileReference; explicitFileType = wrapper.cfbundle; includeInIndex = 0; path = "X-Team_Test_MoviesTests.xctest"; sourceTree = BUILT_PRODUCTS_DIR; };
		2015979E236D195100001282 /* X_Team_Test_MoviesTests.swift */ = {isa = PBXFileReference; lastKnownFileType = sourcecode.swift; path = X_Team_Test_MoviesTests.swift; sourceTree = "<group>"; };
		201597A0236D195100001282 /* Info.plist */ = {isa = PBXFileReference; lastKnownFileType = text.plist.xml; path = Info.plist; sourceTree = "<group>"; };
		201597A5236D195200001282 /* X-Team_Test_MoviesUITests.xctest */ = {isa = PBXFileReference; explicitFileType = wrapper.cfbundle; includeInIndex = 0; path = "X-Team_Test_MoviesUITests.xctest"; sourceTree = BUILT_PRODUCTS_DIR; };
		201597A9236D195200001282 /* X_Team_Test_MoviesUITests.swift */ = {isa = PBXFileReference; lastKnownFileType = sourcecode.swift; path = X_Team_Test_MoviesUITests.swift; sourceTree = "<group>"; };
		201597AB236D195200001282 /* Info.plist */ = {isa = PBXFileReference; lastKnownFileType = text.plist.xml; path = Info.plist; sourceTree = "<group>"; };
		201597B7236D1EAD00001282 /* README.md */ = {isa = PBXFileReference; lastKnownFileType = net.daringfireball.markdown; path = README.md; sourceTree = "<group>"; };
		208E39BC236F727B0043FECF /* Reach.swift */ = {isa = PBXFileReference; fileEncoding = 4; lastKnownFileType = sourcecode.swift; path = Reach.swift; sourceTree = "<group>"; };
		208E39BD236F727B0043FECF /* APIManager.swift */ = {isa = PBXFileReference; fileEncoding = 4; lastKnownFileType = sourcecode.swift; path = APIManager.swift; sourceTree = "<group>"; };
		208E39C1236F738A0043FECF /* CategoriesListService.swift */ = {isa = PBXFileReference; fileEncoding = 4; lastKnownFileType = sourcecode.swift; path = CategoriesListService.swift; sourceTree = "<group>"; };
		208E39C3236F73F80043FECF /* MovieAppConstants.swift */ = {isa = PBXFileReference; fileEncoding = 4; lastKnownFileType = sourcecode.swift; path = MovieAppConstants.swift; sourceTree = "<group>"; };
		20C36626236D23BD001889C6 /* .gitignore */ = {isa = PBXFileReference; fileEncoding = 4; lastKnownFileType = text; path = .gitignore; sourceTree = "<group>"; };
		21A80F2E4D43DC7451E2D0E8 /* Pods-X-Team_Test_MoviesUITests.release.xcconfig */ = {isa = PBXFileReference; includeInIndex = 1; lastKnownFileType = text.xcconfig; name = "Pods-X-Team_Test_MoviesUITests.release.xcconfig"; path = "Pods/Target Support Files/Pods-X-Team_Test_MoviesUITests/Pods-X-Team_Test_MoviesUITests.release.xcconfig"; sourceTree = "<group>"; };
		39F4F0E46842F1A1C97FC62B /* Pods-X-Team_Test_MoviesTests.release.xcconfig */ = {isa = PBXFileReference; includeInIndex = 1; lastKnownFileType = text.xcconfig; name = "Pods-X-Team_Test_MoviesTests.release.xcconfig"; path = "Pods/Target Support Files/Pods-X-Team_Test_MoviesTests/Pods-X-Team_Test_MoviesTests.release.xcconfig"; sourceTree = "<group>"; };
		3AD894DAD4C019B486029576 /* Pods-X-Team_Test_Movies.debug.xcconfig */ = {isa = PBXFileReference; includeInIndex = 1; lastKnownFileType = text.xcconfig; name = "Pods-X-Team_Test_Movies.debug.xcconfig"; path = "Pods/Target Support Files/Pods-X-Team_Test_Movies/Pods-X-Team_Test_Movies.debug.xcconfig"; sourceTree = "<group>"; };
		749C9D4BA9ADA49E858FD341 /* Pods-X-Team_Test_MoviesTests.debug.xcconfig */ = {isa = PBXFileReference; includeInIndex = 1; lastKnownFileType = text.xcconfig; name = "Pods-X-Team_Test_MoviesTests.debug.xcconfig"; path = "Pods/Target Support Files/Pods-X-Team_Test_MoviesTests/Pods-X-Team_Test_MoviesTests.debug.xcconfig"; sourceTree = "<group>"; };
		E6855A240067CB57FEFD75EB /* Pods_X_Team_Test_MoviesTests.framework */ = {isa = PBXFileReference; explicitFileType = wrapper.framework; includeInIndex = 0; path = Pods_X_Team_Test_MoviesTests.framework; sourceTree = BUILT_PRODUCTS_DIR; };
/* End PBXFileReference section */

/* Begin PBXFrameworksBuildPhase section */
		20159781236D194D00001282 /* Frameworks */ = {
			isa = PBXFrameworksBuildPhase;
			buildActionMask = 2147483647;
			files = (
				E308323A1F0DCC67CF629447 /* Pods_X_Team_Test_Movies.framework in Frameworks */,
			);
			runOnlyForDeploymentPostprocessing = 0;
		};
		20159797236D195100001282 /* Frameworks */ = {
			isa = PBXFrameworksBuildPhase;
			buildActionMask = 2147483647;
			files = (
				AB1A01C95EF728B6DB3B35A9 /* Pods_X_Team_Test_MoviesTests.framework in Frameworks */,
			);
			runOnlyForDeploymentPostprocessing = 0;
		};
		201597A2236D195200001282 /* Frameworks */ = {
			isa = PBXFrameworksBuildPhase;
			buildActionMask = 2147483647;
			files = (
				6BD9D44CAD706F8ED433F6FC /* Pods_X_Team_Test_MoviesUITests.framework in Frameworks */,
			);
			runOnlyForDeploymentPostprocessing = 0;
		};
/* End PBXFrameworksBuildPhase section */

/* Begin PBXGroup section */
		2015977B236D194D00001282 = {
			isa = PBXGroup;
			children = (
				20C36626236D23BD001889C6 /* .gitignore */,
				201597B7236D1EAD00001282 /* README.md */,
				20159786236D194D00001282 /* X-Team_Test_Movies */,
				2015979D236D195100001282 /* X-Team_Test_MoviesTests */,
				201597A8236D195200001282 /* X-Team_Test_MoviesUITests */,
				20159785236D194D00001282 /* Products */,
				681B9ACF032606B45B0F5FCB /* Pods */,
				FA8684D11ABA4D92FC18FE23 /* Frameworks */,
			);
			sourceTree = "<group>";
		};
		20159785236D194D00001282 /* Products */ = {
			isa = PBXGroup;
			children = (
				20159784236D194D00001282 /* X-Team_Test_Movies.app */,
				2015979A236D195100001282 /* X-Team_Test_MoviesTests.xctest */,
				201597A5236D195200001282 /* X-Team_Test_MoviesUITests.xctest */,
			);
			name = Products;
			sourceTree = "<group>";
		};
		20159786236D194D00001282 /* X-Team_Test_Movies */ = {
			isa = PBXGroup;
			children = (
				208E39A7236F710D0043FECF /* Models */,
				201597B9236D1F8000001282 /* Extensions */,
				20C36623236D2131001889C6 /* Network */,
				20C36620236D20E3001889C6 /* Persistence */,
				201597BA236D1F9000001282 /* Protocols */,
				201597B8236D1F7300001282 /* Supporting Files */,
				201597BB236D1F9B00001282 /* ViewControllers */,
				201597BC236D1FA600001282 /* ViewModels */,
				20C36622236D2102001889C6 /* Views */,
			);
			path = "X-Team_Test_Movies";
			sourceTree = "<group>";
		};
		2015979D236D195100001282 /* X-Team_Test_MoviesTests */ = {
			isa = PBXGroup;
			children = (
				2015979E236D195100001282 /* X_Team_Test_MoviesTests.swift */,
				201597A0236D195100001282 /* Info.plist */,
			);
			path = "X-Team_Test_MoviesTests";
			sourceTree = "<group>";
		};
		201597A8236D195200001282 /* X-Team_Test_MoviesUITests */ = {
			isa = PBXGroup;
			children = (
				201597A9236D195200001282 /* X_Team_Test_MoviesUITests.swift */,
				201597AB236D195200001282 /* Info.plist */,
			);
			path = "X-Team_Test_MoviesUITests";
			sourceTree = "<group>";
		};
		201597B8236D1F7300001282 /* Supporting Files */ = {
			isa = PBXGroup;
			children = (
				208E39C0236F72910043FECF /* Constants */,
				20C36621236D20F5001889C6 /* Delegates */,
				20159790236D195100001282 /* Assets.xcassets */,
				20159795236D195100001282 /* Info.plist */,
			);
			path = "Supporting Files";
			sourceTree = "<group>";
		};
		201597B9236D1F8000001282 /* Extensions */ = {
			isa = PBXGroup;
			children = (
			);
			path = Extensions;
			sourceTree = "<group>";
		};
		201597BA236D1F9000001282 /* Protocols */ = {
			isa = PBXGroup;
			children = (
			);
			path = Protocols;
			sourceTree = "<group>";
		};
		201597BB236D1F9B00001282 /* ViewControllers */ = {
			isa = PBXGroup;
			children = (
				2015978B236D194D00001282 /* ViewController.swift */,
			);
			path = ViewControllers;
			sourceTree = "<group>";
		};
		201597BC236D1FA600001282 /* ViewModels */ = {
			isa = PBXGroup;
			children = (
			);
			path = ViewModels;
			sourceTree = "<group>";
		};
		208E39A7236F710D0043FECF /* Models */ = {
			isa = PBXGroup;
			children = (
			);
			path = Models;
			sourceTree = "<group>";
		};
		208E39C0236F72910043FECF /* Constants */ = {
			isa = PBXGroup;
			children = (
				208E39C3236F73F80043FECF /* MovieAppConstants.swift */,
			);
			path = Constants;
			sourceTree = "<group>";
		};
		20C36620236D20E3001889C6 /* Persistence */ = {
			isa = PBXGroup;
			children = (
			);
			path = Persistence;
			sourceTree = "<group>";
		};
		20C36621236D20F5001889C6 /* Delegates */ = {
			isa = PBXGroup;
			children = (
				20159789236D194D00001282 /* SceneDelegate.swift */,
				20159787236D194D00001282 /* AppDelegate.swift */,
			);
			path = Delegates;
			sourceTree = "<group>";
		};
		20C36622236D2102001889C6 /* Views */ = {
			isa = PBXGroup;
			children = (
				20159792236D195100001282 /* LaunchScreen.storyboard */,
				2015978D236D194D00001282 /* Main.storyboard */,
			);
			path = Views;
			sourceTree = "<group>";
		};
		20C36623236D2131001889C6 /* Network */ = {
			isa = PBXGroup;
			children = (
				208E39C1236F738A0043FECF /* CategoriesListService.swift */,
				208E39BD236F727B0043FECF /* APIManager.swift */,
				208E39BC236F727B0043FECF /* Reach.swift */,
			);
			path = Network;
			sourceTree = "<group>";
		};
		681B9ACF032606B45B0F5FCB /* Pods */ = {
			isa = PBXGroup;
			children = (
				3AD894DAD4C019B486029576 /* Pods-X-Team_Test_Movies.debug.xcconfig */,
				03DFD4988F903D2E11BBD3A7 /* Pods-X-Team_Test_Movies.release.xcconfig */,
				749C9D4BA9ADA49E858FD341 /* Pods-X-Team_Test_MoviesTests.debug.xcconfig */,
				39F4F0E46842F1A1C97FC62B /* Pods-X-Team_Test_MoviesTests.release.xcconfig */,
				0BEB769AEDB83780674F3F03 /* Pods-X-Team_Test_MoviesUITests.debug.xcconfig */,
				21A80F2E4D43DC7451E2D0E8 /* Pods-X-Team_Test_MoviesUITests.release.xcconfig */,
			);
			name = Pods;
			sourceTree = "<group>";
		};
		FA8684D11ABA4D92FC18FE23 /* Frameworks */ = {
			isa = PBXGroup;
			children = (
				1F26071478C79B8A034C8C22 /* Pods_X_Team_Test_Movies.framework */,
				E6855A240067CB57FEFD75EB /* Pods_X_Team_Test_MoviesTests.framework */,
				1B198CD75D172645F611A7EA /* Pods_X_Team_Test_MoviesUITests.framework */,
			);
			name = Frameworks;
			sourceTree = "<group>";
		};
/* End PBXGroup section */

/* Begin PBXNativeTarget section */
		20159783236D194D00001282 /* X-Team_Test_Movies */ = {
			isa = PBXNativeTarget;
			buildConfigurationList = 201597AE236D195200001282 /* Build configuration list for PBXNativeTarget "X-Team_Test_Movies" */;
			buildPhases = (
				7846E19D21294B5EBD7DE09D /* [CP] Check Pods Manifest.lock */,
				20159780236D194D00001282 /* Sources */,
				20159781236D194D00001282 /* Frameworks */,
				20159782236D194D00001282 /* Resources */,
				A21F706FF4D163CA257050DA /* [CP] Embed Pods Frameworks */,
			);
			buildRules = (
			);
			dependencies = (
			);
			name = "X-Team_Test_Movies";
			productName = "X-Team_Test_Movies";
			productReference = 20159784236D194D00001282 /* X-Team_Test_Movies.app */;
			productType = "com.apple.product-type.application";
		};
		20159799236D195100001282 /* X-Team_Test_MoviesTests */ = {
			isa = PBXNativeTarget;
			buildConfigurationList = 201597B1236D195200001282 /* Build configuration list for PBXNativeTarget "X-Team_Test_MoviesTests" */;
			buildPhases = (
				CC0905BB959DB4342A3630BC /* [CP] Check Pods Manifest.lock */,
				20159796236D195100001282 /* Sources */,
				20159797236D195100001282 /* Frameworks */,
				20159798236D195100001282 /* Resources */,
			);
			buildRules = (
			);
			dependencies = (
				2015979C236D195100001282 /* PBXTargetDependency */,
			);
			name = "X-Team_Test_MoviesTests";
			productName = "X-Team_Test_MoviesTests";
			productReference = 2015979A236D195100001282 /* X-Team_Test_MoviesTests.xctest */;
			productType = "com.apple.product-type.bundle.unit-test";
		};
		201597A4236D195200001282 /* X-Team_Test_MoviesUITests */ = {
			isa = PBXNativeTarget;
			buildConfigurationList = 201597B4236D195200001282 /* Build configuration list for PBXNativeTarget "X-Team_Test_MoviesUITests" */;
			buildPhases = (
				C0E6DD415673BAC040AD16B2 /* [CP] Check Pods Manifest.lock */,
				201597A1236D195200001282 /* Sources */,
				201597A2236D195200001282 /* Frameworks */,
				201597A3236D195200001282 /* Resources */,
			);
			buildRules = (
			);
			dependencies = (
				201597A7236D195200001282 /* PBXTargetDependency */,
			);
			name = "X-Team_Test_MoviesUITests";
			productName = "X-Team_Test_MoviesUITests";
			productReference = 201597A5236D195200001282 /* X-Team_Test_MoviesUITests.xctest */;
			productType = "com.apple.product-type.bundle.ui-testing";
		};
/* End PBXNativeTarget section */

/* Begin PBXProject section */
		2015977C236D194D00001282 /* Project object */ = {
			isa = PBXProject;
			attributes = {
				LastSwiftUpdateCheck = 1110;
				LastUpgradeCheck = 1110;
				ORGANIZATIONNAME = Evana_Margain;
				TargetAttributes = {
					20159783236D194D00001282 = {
						CreatedOnToolsVersion = 11.1;
					};
					20159799236D195100001282 = {
						CreatedOnToolsVersion = 11.1;
						TestTargetID = 20159783236D194D00001282;
					};
					201597A4236D195200001282 = {
						CreatedOnToolsVersion = 11.1;
						TestTargetID = 20159783236D194D00001282;
					};
				};
			};
			buildConfigurationList = 2015977F236D194D00001282 /* Build configuration list for PBXProject "X-Team_Test_Movies" */;
			compatibilityVersion = "Xcode 9.3";
			developmentRegion = en;
			hasScannedForEncodings = 0;
			knownRegions = (
				en,
				Base,
			);
			mainGroup = 2015977B236D194D00001282;
			productRefGroup = 20159785236D194D00001282 /* Products */;
			projectDirPath = "";
			projectRoot = "";
			targets = (
				20159783236D194D00001282 /* X-Team_Test_Movies */,
				20159799236D195100001282 /* X-Team_Test_MoviesTests */,
				201597A4236D195200001282 /* X-Team_Test_MoviesUITests */,
			);
		};
/* End PBXProject section */

/* Begin PBXResourcesBuildPhase section */
		20159782236D194D00001282 /* Resources */ = {
			isa = PBXResourcesBuildPhase;
			buildActionMask = 2147483647;
			files = (
				20C36627236D23BD001889C6 /* .gitignore in Resources */,
				20159794236D195100001282 /* LaunchScreen.storyboard in Resources */,
				20159791236D195100001282 /* Assets.xcassets in Resources */,
				2015978F236D194D00001282 /* Main.storyboard in Resources */,
			);
			runOnlyForDeploymentPostprocessing = 0;
		};
		20159798236D195100001282 /* Resources */ = {
			isa = PBXResourcesBuildPhase;
			buildActionMask = 2147483647;
			files = (
			);
			runOnlyForDeploymentPostprocessing = 0;
		};
		201597A3236D195200001282 /* Resources */ = {
			isa = PBXResourcesBuildPhase;
			buildActionMask = 2147483647;
			files = (
			);
			runOnlyForDeploymentPostprocessing = 0;
		};
/* End PBXResourcesBuildPhase section */

/* Begin PBXShellScriptBuildPhase section */
		7846E19D21294B5EBD7DE09D /* [CP] Check Pods Manifest.lock */ = {
			isa = PBXShellScriptBuildPhase;
			buildActionMask = 2147483647;
			files = (
			);
			inputFileListPaths = (
			);
			inputPaths = (
				"${PODS_PODFILE_DIR_PATH}/Podfile.lock",
				"${PODS_ROOT}/Manifest.lock",
			);
			name = "[CP] Check Pods Manifest.lock";
			outputFileListPaths = (
			);
			outputPaths = (
				"$(DERIVED_FILE_DIR)/Pods-X-Team_Test_Movies-checkManifestLockResult.txt",
			);
			runOnlyForDeploymentPostprocessing = 0;
			shellPath = /bin/sh;
			shellScript = "diff \"${PODS_PODFILE_DIR_PATH}/Podfile.lock\" \"${PODS_ROOT}/Manifest.lock\" > /dev/null\nif [ $? != 0 ] ; then\n    # print error to STDERR\n    echo \"error: The sandbox is not in sync with the Podfile.lock. Run 'pod install' or update your CocoaPods installation.\" >&2\n    exit 1\nfi\n# This output is used by Xcode 'outputs' to avoid re-running this script phase.\necho \"SUCCESS\" > \"${SCRIPT_OUTPUT_FILE_0}\"\n";
			showEnvVarsInLog = 0;
		};
		A21F706FF4D163CA257050DA /* [CP] Embed Pods Frameworks */ = {
			isa = PBXShellScriptBuildPhase;
			buildActionMask = 2147483647;
			files = (
			);
			inputFileListPaths = (
			);
			inputPaths = (
				"${SRCROOT}/Pods/Target Support Files/Pods-X-Team_Test_Movies/Pods-X-Team_Test_Movies-frameworks.sh",
				"${BUILT_PRODUCTS_DIR}/Alamofire/Alamofire.framework",
				"${BUILT_PRODUCTS_DIR}/SDWebImage/SDWebImage.framework",
				"${BUILT_PRODUCTS_DIR}/SwiftyJSON/SwiftyJSON.framework",
			);
			name = "[CP] Embed Pods Frameworks";
			outputFileListPaths = (
			);
			outputPaths = (
				"${TARGET_BUILD_DIR}/${FRAMEWORKS_FOLDER_PATH}/Alamofire.framework",
				"${TARGET_BUILD_DIR}/${FRAMEWORKS_FOLDER_PATH}/SDWebImage.framework",
				"${TARGET_BUILD_DIR}/${FRAMEWORKS_FOLDER_PATH}/SwiftyJSON.framework",
			);
			runOnlyForDeploymentPostprocessing = 0;
			shellPath = /bin/sh;
			shellScript = "\"${SRCROOT}/Pods/Target Support Files/Pods-X-Team_Test_Movies/Pods-X-Team_Test_Movies-frameworks.sh\"\n";
			showEnvVarsInLog = 0;
		};
		C0E6DD415673BAC040AD16B2 /* [CP] Check Pods Manifest.lock */ = {
			isa = PBXShellScriptBuildPhase;
			buildActionMask = 2147483647;
			files = (
			);
			inputFileListPaths = (
			);
			inputPaths = (
				"${PODS_PODFILE_DIR_PATH}/Podfile.lock",
				"${PODS_ROOT}/Manifest.lock",
			);
			name = "[CP] Check Pods Manifest.lock";
			outputFileListPaths = (
			);
			outputPaths = (
				"$(DERIVED_FILE_DIR)/Pods-X-Team_Test_MoviesUITests-checkManifestLockResult.txt",
			);
			runOnlyForDeploymentPostprocessing = 0;
			shellPath = /bin/sh;
			shellScript = "diff \"${PODS_PODFILE_DIR_PATH}/Podfile.lock\" \"${PODS_ROOT}/Manifest.lock\" > /dev/null\nif [ $? != 0 ] ; then\n    # print error to STDERR\n    echo \"error: The sandbox is not in sync with the Podfile.lock. Run 'pod install' or update your CocoaPods installation.\" >&2\n    exit 1\nfi\n# This output is used by Xcode 'outputs' to avoid re-running this script phase.\necho \"SUCCESS\" > \"${SCRIPT_OUTPUT_FILE_0}\"\n";
			showEnvVarsInLog = 0;
		};
		CC0905BB959DB4342A3630BC /* [CP] Check Pods Manifest.lock */ = {
			isa = PBXShellScriptBuildPhase;
			buildActionMask = 2147483647;
			files = (
			);
			inputFileListPaths = (
			);
			inputPaths = (
				"${PODS_PODFILE_DIR_PATH}/Podfile.lock",
				"${PODS_ROOT}/Manifest.lock",
			);
			name = "[CP] Check Pods Manifest.lock";
			outputFileListPaths = (
			);
			outputPaths = (
				"$(DERIVED_FILE_DIR)/Pods-X-Team_Test_MoviesTests-checkManifestLockResult.txt",
			);
			runOnlyForDeploymentPostprocessing = 0;
			shellPath = /bin/sh;
			shellScript = "diff \"${PODS_PODFILE_DIR_PATH}/Podfile.lock\" \"${PODS_ROOT}/Manifest.lock\" > /dev/null\nif [ $? != 0 ] ; then\n    # print error to STDERR\n    echo \"error: The sandbox is not in sync with the Podfile.lock. Run 'pod install' or update your CocoaPods installation.\" >&2\n    exit 1\nfi\n# This output is used by Xcode 'outputs' to avoid re-running this script phase.\necho \"SUCCESS\" > \"${SCRIPT_OUTPUT_FILE_0}\"\n";
			showEnvVarsInLog = 0;
		};
/* End PBXShellScriptBuildPhase section */

/* Begin PBXSourcesBuildPhase section */
		20159780236D194D00001282 /* Sources */ = {
			isa = PBXSourcesBuildPhase;
			buildActionMask = 2147483647;
			files = (
				2015978C236D194D00001282 /* ViewController.swift in Sources */,
				208E39C2236F738A0043FECF /* CategoriesListService.swift in Sources */,
				208E39BE236F727B0043FECF /* Reach.swift in Sources */,
				208E39BF236F727B0043FECF /* APIManager.swift in Sources */,
				20159788236D194D00001282 /* AppDelegate.swift in Sources */,
				2015978A236D194D00001282 /* SceneDelegate.swift in Sources */,
				208E39C4236F73F80043FECF /* MovieAppConstants.swift in Sources */,
			);
			runOnlyForDeploymentPostprocessing = 0;
		};
		20159796236D195100001282 /* Sources */ = {
			isa = PBXSourcesBuildPhase;
			buildActionMask = 2147483647;
			files = (
				2015979F236D195100001282 /* X_Team_Test_MoviesTests.swift in Sources */,
			);
			runOnlyForDeploymentPostprocessing = 0;
		};
		201597A1236D195200001282 /* Sources */ = {
			isa = PBXSourcesBuildPhase;
			buildActionMask = 2147483647;
			files = (
				201597AA236D195200001282 /* X_Team_Test_MoviesUITests.swift in Sources */,
			);
			runOnlyForDeploymentPostprocessing = 0;
		};
/* End PBXSourcesBuildPhase section */

/* Begin PBXTargetDependency section */
		2015979C236D195100001282 /* PBXTargetDependency */ = {
			isa = PBXTargetDependency;
			target = 20159783236D194D00001282 /* X-Team_Test_Movies */;
			targetProxy = 2015979B236D195100001282 /* PBXContainerItemProxy */;
		};
		201597A7236D195200001282 /* PBXTargetDependency */ = {
			isa = PBXTargetDependency;
			target = 20159783236D194D00001282 /* X-Team_Test_Movies */;
			targetProxy = 201597A6236D195200001282 /* PBXContainerItemProxy */;
		};
/* End PBXTargetDependency section */

/* Begin PBXVariantGroup section */
		2015978D236D194D00001282 /* Main.storyboard */ = {
			isa = PBXVariantGroup;
			children = (
				2015978E236D194D00001282 /* Base */,
			);
			name = Main.storyboard;
			sourceTree = "<group>";
		};
		20159792236D195100001282 /* LaunchScreen.storyboard */ = {
			isa = PBXVariantGroup;
			children = (
				20159793236D195100001282 /* Base */,
			);
			name = LaunchScreen.storyboard;
			sourceTree = "<group>";
		};
/* End PBXVariantGroup section */

/* Begin XCBuildConfiguration section */
		201597AC236D195200001282 /* Debug */ = {
			isa = XCBuildConfiguration;
			buildSettings = {
				ALWAYS_SEARCH_USER_PATHS = NO;
				CLANG_ANALYZER_NONNULL = YES;
				CLANG_ANALYZER_NUMBER_OBJECT_CONVERSION = YES_AGGRESSIVE;
				CLANG_CXX_LANGUAGE_STANDARD = "gnu++14";
				CLANG_CXX_LIBRARY = "libc++";
				CLANG_ENABLE_MODULES = YES;
				CLANG_ENABLE_OBJC_ARC = YES;
				CLANG_ENABLE_OBJC_WEAK = YES;
				CLANG_WARN_BLOCK_CAPTURE_AUTORELEASING = YES;
				CLANG_WARN_BOOL_CONVERSION = YES;
				CLANG_WARN_COMMA = YES;
				CLANG_WARN_CONSTANT_CONVERSION = YES;
				CLANG_WARN_DEPRECATED_OBJC_IMPLEMENTATIONS = YES;
				CLANG_WARN_DIRECT_OBJC_ISA_USAGE = YES_ERROR;
				CLANG_WARN_DOCUMENTATION_COMMENTS = YES;
				CLANG_WARN_EMPTY_BODY = YES;
				CLANG_WARN_ENUM_CONVERSION = YES;
				CLANG_WARN_INFINITE_RECURSION = YES;
				CLANG_WARN_INT_CONVERSION = YES;
				CLANG_WARN_NON_LITERAL_NULL_CONVERSION = YES;
				CLANG_WARN_OBJC_IMPLICIT_RETAIN_SELF = YES;
				CLANG_WARN_OBJC_LITERAL_CONVERSION = YES;
				CLANG_WARN_OBJC_ROOT_CLASS = YES_ERROR;
				CLANG_WARN_RANGE_LOOP_ANALYSIS = YES;
				CLANG_WARN_STRICT_PROTOTYPES = YES;
				CLANG_WARN_SUSPICIOUS_MOVE = YES;
				CLANG_WARN_UNGUARDED_AVAILABILITY = YES_AGGRESSIVE;
				CLANG_WARN_UNREACHABLE_CODE = YES;
				CLANG_WARN__DUPLICATE_METHOD_MATCH = YES;
				COPY_PHASE_STRIP = NO;
				DEBUG_INFORMATION_FORMAT = dwarf;
				ENABLE_STRICT_OBJC_MSGSEND = YES;
				ENABLE_TESTABILITY = YES;
				GCC_C_LANGUAGE_STANDARD = gnu11;
				GCC_DYNAMIC_NO_PIC = NO;
				GCC_NO_COMMON_BLOCKS = YES;
				GCC_OPTIMIZATION_LEVEL = 0;
				GCC_PREPROCESSOR_DEFINITIONS = (
					"DEBUG=1",
					"$(inherited)",
				);
				GCC_WARN_64_TO_32_BIT_CONVERSION = YES;
				GCC_WARN_ABOUT_RETURN_TYPE = YES_ERROR;
				GCC_WARN_UNDECLARED_SELECTOR = YES;
				GCC_WARN_UNINITIALIZED_AUTOS = YES_AGGRESSIVE;
				GCC_WARN_UNUSED_FUNCTION = YES;
				GCC_WARN_UNUSED_VARIABLE = YES;
				IPHONEOS_DEPLOYMENT_TARGET = 13.1;
				MTL_ENABLE_DEBUG_INFO = INCLUDE_SOURCE;
				MTL_FAST_MATH = YES;
				ONLY_ACTIVE_ARCH = YES;
				SDKROOT = iphoneos;
				SWIFT_ACTIVE_COMPILATION_CONDITIONS = DEBUG;
				SWIFT_OPTIMIZATION_LEVEL = "-Onone";
			};
			name = Debug;
		};
		201597AD236D195200001282 /* Release */ = {
			isa = XCBuildConfiguration;
			buildSettings = {
				ALWAYS_SEARCH_USER_PATHS = NO;
				CLANG_ANALYZER_NONNULL = YES;
				CLANG_ANALYZER_NUMBER_OBJECT_CONVERSION = YES_AGGRESSIVE;
				CLANG_CXX_LANGUAGE_STANDARD = "gnu++14";
				CLANG_CXX_LIBRARY = "libc++";
				CLANG_ENABLE_MODULES = YES;
				CLANG_ENABLE_OBJC_ARC = YES;
				CLANG_ENABLE_OBJC_WEAK = YES;
				CLANG_WARN_BLOCK_CAPTURE_AUTORELEASING = YES;
				CLANG_WARN_BOOL_CONVERSION = YES;
				CLANG_WARN_COMMA = YES;
				CLANG_WARN_CONSTANT_CONVERSION = YES;
				CLANG_WARN_DEPRECATED_OBJC_IMPLEMENTATIONS = YES;
				CLANG_WARN_DIRECT_OBJC_ISA_USAGE = YES_ERROR;
				CLANG_WARN_DOCUMENTATION_COMMENTS = YES;
				CLANG_WARN_EMPTY_BODY = YES;
				CLANG_WARN_ENUM_CONVERSION = YES;
				CLANG_WARN_INFINITE_RECURSION = YES;
				CLANG_WARN_INT_CONVERSION = YES;
				CLANG_WARN_NON_LITERAL_NULL_CONVERSION = YES;
				CLANG_WARN_OBJC_IMPLICIT_RETAIN_SELF = YES;
				CLANG_WARN_OBJC_LITERAL_CONVERSION = YES;
				CLANG_WARN_OBJC_ROOT_CLASS = YES_ERROR;
				CLANG_WARN_RANGE_LOOP_ANALYSIS = YES;
				CLANG_WARN_STRICT_PROTOTYPES = YES;
				CLANG_WARN_SUSPICIOUS_MOVE = YES;
				CLANG_WARN_UNGUARDED_AVAILABILITY = YES_AGGRESSIVE;
				CLANG_WARN_UNREACHABLE_CODE = YES;
				CLANG_WARN__DUPLICATE_METHOD_MATCH = YES;
				COPY_PHASE_STRIP = NO;
				DEBUG_INFORMATION_FORMAT = "dwarf-with-dsym";
				ENABLE_NS_ASSERTIONS = NO;
				ENABLE_STRICT_OBJC_MSGSEND = YES;
				GCC_C_LANGUAGE_STANDARD = gnu11;
				GCC_NO_COMMON_BLOCKS = YES;
				GCC_WARN_64_TO_32_BIT_CONVERSION = YES;
				GCC_WARN_ABOUT_RETURN_TYPE = YES_ERROR;
				GCC_WARN_UNDECLARED_SELECTOR = YES;
				GCC_WARN_UNINITIALIZED_AUTOS = YES_AGGRESSIVE;
				GCC_WARN_UNUSED_FUNCTION = YES;
				GCC_WARN_UNUSED_VARIABLE = YES;
				IPHONEOS_DEPLOYMENT_TARGET = 13.1;
				MTL_ENABLE_DEBUG_INFO = NO;
				MTL_FAST_MATH = YES;
				SDKROOT = iphoneos;
				SWIFT_COMPILATION_MODE = wholemodule;
				SWIFT_OPTIMIZATION_LEVEL = "-O";
				VALIDATE_PRODUCT = YES;
			};
			name = Release;
		};
		201597AF236D195200001282 /* Debug */ = {
			isa = XCBuildConfiguration;
			baseConfigurationReference = 3AD894DAD4C019B486029576 /* Pods-X-Team_Test_Movies.debug.xcconfig */;
			buildSettings = {
				ASSETCATALOG_COMPILER_APPICON_NAME = AppIcon;
				CODE_SIGN_STYLE = Automatic;
				INFOPLIST_FILE = "$(SRCROOT)/X-Team_Test_Movies/Supporting Files/Info.plist";
				LD_RUNPATH_SEARCH_PATHS = (
					"$(inherited)",
					"@executable_path/Frameworks",
				);
				PRODUCT_BUNDLE_IDENTIFIER = "Evana-Margain.X-Team-Test-Movies";
				PRODUCT_NAME = "$(TARGET_NAME)";
				SWIFT_VERSION = 5.0;
				TARGETED_DEVICE_FAMILY = "1,2";
			};
			name = Debug;
		};
		201597B0236D195200001282 /* Release */ = {
			isa = XCBuildConfiguration;
			baseConfigurationReference = 03DFD4988F903D2E11BBD3A7 /* Pods-X-Team_Test_Movies.release.xcconfig */;
			buildSettings = {
				ASSETCATALOG_COMPILER_APPICON_NAME = AppIcon;
				CODE_SIGN_STYLE = Automatic;
				INFOPLIST_FILE = "$(SRCROOT)/X-Team_Test_Movies/Supporting Files/Info.plist";
				LD_RUNPATH_SEARCH_PATHS = (
					"$(inherited)",
					"@executable_path/Frameworks",
				);
				PRODUCT_BUNDLE_IDENTIFIER = "Evana-Margain.X-Team-Test-Movies";
				PRODUCT_NAME = "$(TARGET_NAME)";
				SWIFT_VERSION = 5.0;
				TARGETED_DEVICE_FAMILY = "1,2";
			};
			name = Release;
		};
		201597B2236D195200001282 /* Debug */ = {
			isa = XCBuildConfiguration;
			baseConfigurationReference = 749C9D4BA9ADA49E858FD341 /* Pods-X-Team_Test_MoviesTests.debug.xcconfig */;
			buildSettings = {
				ALWAYS_EMBED_SWIFT_STANDARD_LIBRARIES = YES;
				BUNDLE_LOADER = "$(TEST_HOST)";
				CODE_SIGN_STYLE = Automatic;
				INFOPLIST_FILE = "X-Team_Test_MoviesTests/Info.plist";
				IPHONEOS_DEPLOYMENT_TARGET = 13.1;
				LD_RUNPATH_SEARCH_PATHS = (
					"$(inherited)",
					"@executable_path/Frameworks",
					"@loader_path/Frameworks",
				);
				PRODUCT_BUNDLE_IDENTIFIER = "Evana-Margain.X-Team-Test-MoviesTests";
				PRODUCT_NAME = "$(TARGET_NAME)";
				SWIFT_VERSION = 5.0;
				TARGETED_DEVICE_FAMILY = "1,2";
				TEST_HOST = "$(BUILT_PRODUCTS_DIR)/X-Team_Test_Movies.app/X-Team_Test_Movies";
			};
			name = Debug;
		};
		201597B3236D195200001282 /* Release */ = {
			isa = XCBuildConfiguration;
			baseConfigurationReference = 39F4F0E46842F1A1C97FC62B /* Pods-X-Team_Test_MoviesTests.release.xcconfig */;
			buildSettings = {
				ALWAYS_EMBED_SWIFT_STANDARD_LIBRARIES = YES;
				BUNDLE_LOADER = "$(TEST_HOST)";
				CODE_SIGN_STYLE = Automatic;
				INFOPLIST_FILE = "X-Team_Test_MoviesTests/Info.plist";
				IPHONEOS_DEPLOYMENT_TARGET = 13.1;
				LD_RUNPATH_SEARCH_PATHS = (
					"$(inherited)",
					"@executable_path/Frameworks",
					"@loader_path/Frameworks",
				);
				PRODUCT_BUNDLE_IDENTIFIER = "Evana-Margain.X-Team-Test-MoviesTests";
				PRODUCT_NAME = "$(TARGET_NAME)";
				SWIFT_VERSION = 5.0;
				TARGETED_DEVICE_FAMILY = "1,2";
				TEST_HOST = "$(BUILT_PRODUCTS_DIR)/X-Team_Test_Movies.app/X-Team_Test_Movies";
			};
			name = Release;
		};
		201597B5236D195200001282 /* Debug */ = {
			isa = XCBuildConfiguration;
			baseConfigurationReference = 0BEB769AEDB83780674F3F03 /* Pods-X-Team_Test_MoviesUITests.debug.xcconfig */;
			buildSettings = {
				ALWAYS_EMBED_SWIFT_STANDARD_LIBRARIES = YES;
				CODE_SIGN_STYLE = Automatic;
				INFOPLIST_FILE = "X-Team_Test_MoviesUITests/Info.plist";
				LD_RUNPATH_SEARCH_PATHS = (
					"$(inherited)",
					"@executable_path/Frameworks",
					"@loader_path/Frameworks",
				);
				PRODUCT_BUNDLE_IDENTIFIER = "Evana-Margain.X-Team-Test-MoviesUITests";
				PRODUCT_NAME = "$(TARGET_NAME)";
				SWIFT_VERSION = 5.0;
				TARGETED_DEVICE_FAMILY = "1,2";
				TEST_TARGET_NAME = "X-Team_Test_Movies";
			};
			name = Debug;
		};
		201597B6236D195200001282 /* Release */ = {
			isa = XCBuildConfiguration;
			baseConfigurationReference = 21A80F2E4D43DC7451E2D0E8 /* Pods-X-Team_Test_MoviesUITests.release.xcconfig */;
			buildSettings = {
				ALWAYS_EMBED_SWIFT_STANDARD_LIBRARIES = YES;
				CODE_SIGN_STYLE = Automatic;
				INFOPLIST_FILE = "X-Team_Test_MoviesUITests/Info.plist";
				LD_RUNPATH_SEARCH_PATHS = (
					"$(inherited)",
					"@executable_path/Frameworks",
					"@loader_path/Frameworks",
				);
				PRODUCT_BUNDLE_IDENTIFIER = "Evana-Margain.X-Team-Test-MoviesUITests";
				PRODUCT_NAME = "$(TARGET_NAME)";
				SWIFT_VERSION = 5.0;
				TARGETED_DEVICE_FAMILY = "1,2";
				TEST_TARGET_NAME = "X-Team_Test_Movies";
			};
			name = Release;
		};
/* End XCBuildConfiguration section */

/* Begin XCConfigurationList section */
		2015977F236D194D00001282 /* Build configuration list for PBXProject "X-Team_Test_Movies" */ = {
			isa = XCConfigurationList;
			buildConfigurations = (
				201597AC236D195200001282 /* Debug */,
				201597AD236D195200001282 /* Release */,
			);
			defaultConfigurationIsVisible = 0;
			defaultConfigurationName = Release;
		};
		201597AE236D195200001282 /* Build configuration list for PBXNativeTarget "X-Team_Test_Movies" */ = {
			isa = XCConfigurationList;
			buildConfigurations = (
				201597AF236D195200001282 /* Debug */,
				201597B0236D195200001282 /* Release */,
			);
			defaultConfigurationIsVisible = 0;
			defaultConfigurationName = Release;
		};
		201597B1236D195200001282 /* Build configuration list for PBXNativeTarget "X-Team_Test_MoviesTests" */ = {
			isa = XCConfigurationList;
			buildConfigurations = (
				201597B2236D195200001282 /* Debug */,
				201597B3236D195200001282 /* Release */,
			);
			defaultConfigurationIsVisible = 0;
			defaultConfigurationName = Release;
		};
		201597B4236D195200001282 /* Build configuration list for PBXNativeTarget "X-Team_Test_MoviesUITests" */ = {
			isa = XCConfigurationList;
			buildConfigurations = (
				201597B5236D195200001282 /* Debug */,
				201597B6236D195200001282 /* Release */,
			);
			defaultConfigurationIsVisible = 0;
			defaultConfigurationName = Release;
		};
/* End XCConfigurationList section */
	};
	rootObject = 2015977C236D194D00001282 /* Project object */;
}
